
Microsoft Visual Studio Solution File, Format Version 12.00
# Visual Studio Version 16
VisualStudioVersion = 16.0.28803.156
MinimumVisualStudioVersion = 10.0.40219.1
Project("{FAE04EC0-301F-11D3-BF4B-00C04F79EFBC}") = "Music App", "Music App\Music App.csproj", "{D710B99C-D030-4FCB-B714-391163B63911}"
EndProject
Global
	GlobalSection(SolutionConfigurationPlatforms) = preSolution
		Debug|Any CPU = Debug|Any CPU
		Release|Any CPU = Release|Any CPU
	EndGlobalSection
	GlobalSection(ProjectConfigurationPlatforms) = postSolution
		{D710B99C-D030-4FCB-B714-391163B63911}.Debug|Any CPU.ActiveCfg = Debug|Any CPU
		{D710B99C-D030-4FCB-B714-391163B63911}.Debug|Any CPU.Build.0 = Debug|Any CPU
		{D710B99C-D030-4FCB-B714-391163B63911}.Release|Any CPU.ActiveCfg = Release|Any CPU
		{D710B99C-D030-4FCB-B714-391163B63911}.Release|Any CPU.Build.0 = Release|Any CPU
	EndGlobalSection
	GlobalSection(SolutionProperties) = preSolution
		HideSolutionNode = FALSE
	EndGlobalSection
	GlobalSection(ExtensibilityGlobals) = postSolution
		SolutionGuid = {61B3F102-B7A5-4D55-B843-D95D4863981F}
	EndGlobalSection
EndGlobal
